
Microsoft Visual Studio Solution File, Format Version 12.00
# Visual Studio Version 16
VisualStudioVersion = 16.0.32106.194
MinimumVisualStudioVersion = 10.0.40219.1
Project("{FAE04EC0-301F-11D3-BF4B-00C04F79EFBC}") = "Control de Volumen y Area", "Control de Volumen y Area.csproj", "{C571893B-DF0D-4370-A8F2-382A9D60DFBB}"
EndProject
Global
	GlobalSection(SolutionConfigurationPlatforms) = preSolution
		Debug|Any CPU = Debug|Any CPU
		Release|Any CPU = Release|Any CPU
	EndGlobalSection
	GlobalSection(ProjectConfigurationPlatforms) = postSolution
		{C571893B-DF0D-4370-A8F2-382A9D60DFBB}.Debug|Any CPU.ActiveCfg = Debug|Any CPU
		{C571893B-DF0D-4370-A8F2-382A9D60DFBB}.Debug|Any CPU.Build.0 = Debug|Any CPU
		{C571893B-DF0D-4370-A8F2-382A9D60DFBB}.Release|Any CPU.ActiveCfg = Release|Any CPU
		{C571893B-DF0D-4370-A8F2-382A9D60DFBB}.Release|Any CPU.Build.0 = Release|Any CPU
	EndGlobalSection
	GlobalSection(SolutionProperties) = preSolution
		HideSolutionNode = FALSE
	EndGlobalSection
	GlobalSection(ExtensibilityGlobals) = postSolution
		SolutionGuid = {95CE4BAB-1CED-4F9B-9C17-5BF29C1370C4}
	EndGlobalSection
EndGlobal
